# THIS IS AN AUTOGENERATED FILE. DO NOT EDIT THIS FILE DIRECTLY.
# yarn lockfile v1


"balanced-match@^1.0.0":
  "integrity" "sha1-ibTRmasr7kneFk6gK4nORi1xt2c= sha512-9Y0g0Q8rmSt+H33DfKv7FOc3v+iRI+o1lbzt8jGcIosYW37IIW/2XVYq5NPdmaD5NQ59Nk26Kl/vZbwW9Fr8vg=="
  "resolved" "https://registry.npmjs.org/balanced-match/-/balanced-match-1.0.0.tgz"
  "version" "1.0.0"

"brace-expansion@^1.1.7":
  "integrity" "sha512-iCuPHDFgrHX7H2vEI/5xpz07zSHB00TpugqhmYtVmMO6518mCuRMoOYFldEBl0g187ufozdaHgWKcYFb61qGiA=="
  "resolved" "https://registry.npmjs.org/brace-expansion/-/brace-expansion-1.1.11.tgz"
  "version" "1.1.11"
  dependencies:
    "balanced-match" "^1.0.0"
    "concat-map" "0.0.1"

"commander@~2.20.3":
  "integrity" "sha512-GpVkmM8vF2vQUkj2LvZmD35JxeJOLCwJ9cUkugyk2nuhbv3+mJvpLYYt+0+USMxE+oj+ey/lJEnhZw75x/OMcQ=="
  "resolved" "https://registry.npmjs.org/commander/-/commander-2.20.3.tgz"
  "version" "2.20.3"

"concat-map@0.0.1":
  "integrity" "sha1-2Klr13/Wjfd5OnMDajug1UBdR3s= sha512-/Srv4dswyQNBfohGpz9o6Yb3Gz3SrUDqBH5rTuhGR7ahtlbYKnVxw2bCFMRljaA7EXHaXZ8wsHdodFvbkhKmqg=="
  "resolved" "https://registry.npmjs.org/concat-map/-/concat-map-0.0.1.tgz"
  "version" "0.0.1"

"core-util-is@~1.0.0":
  "integrity" "sha512-3lqz5YjWTYnW6dlDa5TLaTCcShfar1e40rmcJVwCBJC6mWlFuj0eCHIElmG1g5kyuJ/GD+8Wn4FFCcz4gJPfaQ=="
  "resolved" "https://registry.npmjs.org/core-util-is/-/core-util-is-1.0.2.tgz"
  "version" "1.0.2"

"deep-equal@~0.1.0":
  "integrity" "sha512-rUCt39nKM7s6qUyYgp/reJmtXjgkOS/JbLO24DioMZaBNkD3b7C7cD3zJjSyjclEElNTpetAIRD6fMIbBIbX1Q=="
  "resolved" "https://registry.npmjs.org/deep-equal/-/deep-equal-0.1.2.tgz"
  "version" "0.1.2"

"deep-equal@~1.1.1":
  "integrity" "sha512-yd9c5AdiqVcR+JjcwUQb9DkhJc8ngNr0MahEBGvDiJw8puWab2yZlh+nkasOnZP+EGTAP6rRp2JzJhJZzvNF8g=="
  "resolved" "https://registry.npmjs.org/deep-equal/-/deep-equal-1.1.1.tgz"
  "version" "1.1.1"
  dependencies:
    "is-arguments" "^1.0.4"
    "is-date-object" "^1.0.1"
    "is-regex" "^1.0.4"
    "object-is" "^1.0.1"
    "object-keys" "^1.1.1"
    "regexp.prototype.flags" "^1.2.0"

"define-properties@^1.1.2", "define-properties@^1.1.3":
  "integrity" "sha512-3MqfYKj2lLzdMSf8ZIZE/V+Zuy+BgD6f164e8K2w7dgnpKArBDerGYpM46IYYcjnkdPNMjPk9A6VFB8+3SKlXQ=="
  "resolved" "https://registry.npmjs.org/define-properties/-/define-properties-1.1.3.tgz"
  "version" "1.1.3"
  dependencies:
    "object-keys" "^1.0.12"

"defined@~0.0.0", "defined@0.0.0":
  "integrity" "sha512-zpqiCT8bODLu3QSmLLic8xJnYWBFjOSu/fBCm189oAiTtPq/PSanNACKZDS7kgSyCJY7P+IcODzlIogBK/9RBg=="
  "resolved" "https://registry.npmjs.org/defined/-/defined-0.0.0.tgz"
  "version" "0.0.0"

"defined@~1.0.0":
  "integrity" "sha1-yY2bzvdWdBiOEQlpFRGZ45sfppM= sha512-Y2caI5+ZwS5c3RiNDJ6u53VhQHv+hHKwhkI1iHvceKUHw9Df6EK2zRLfjejRgMuCuxK7PfSWIMwWecceVvThjQ=="
  "resolved" "https://registry.npmjs.org/defined/-/defined-1.0.0.tgz"
  "version" "1.0.0"

"dotignore@~0.1.2":
  "integrity" "sha512-UGGGWfSauusaVJC+8fgV+NVvBXkCTmVv7sk6nojDZZvuOUNGUy0Zk4UpHQD6EDjS0jpBwcACvH4eofvyzBcRDw=="
  "resolved" "https://registry.npmjs.org/dotignore/-/dotignore-0.1.2.tgz"
  "version" "0.1.2"
  dependencies:
    "minimatch" "^3.0.4"

"duplexer@~0.1.1":
  "integrity" "sha1-rOb/gIwc5mtX0ev5eXessCM0z8E="
  "resolved" "https://registry.npmjs.org/duplexer/-/duplexer-0.1.1.tgz"
  "version" "0.1.1"

"es-abstract@^1.17.0-next.1":
  "integrity" "sha512-YoKuru3Lyoy7yVTBSH2j7UxTqe/je3dWAruC0sHvZX1GNd5zX8SSLvQqEgO9b3Ex8IW+goFI9arEEsFIbulhOw=="
  "resolved" "https://registry.npmjs.org/es-abstract/-/es-abstract-1.17.2.tgz"
  "version" "1.17.2"
  dependencies:
    "es-to-primitive" "^1.2.1"
    "function-bind" "^1.1.1"
    "has" "^1.0.3"
    "has-symbols" "^1.0.1"
    "is-callable" "^1.1.5"
    "is-regex" "^1.0.5"
    "object-inspect" "^1.7.0"
    "object-keys" "^1.1.1"
    "object.assign" "^4.1.0"
    "string.prototype.trimleft" "^2.1.1"
    "string.prototype.trimright" "^2.1.1"

"es-to-primitive@^1.2.1":
  "integrity" "sha512-QCOllgZJtaUo9miYBcLChTUaHNjJF3PYs1VidD7AwiEj1kYxKeQTctLAezAOH5ZKRH0g2IgPn6KwB4IT8iRpvA=="
  "resolved" "https://registry.npmjs.org/es-to-primitive/-/es-to-primitive-1.2.1.tgz"
  "version" "1.2.1"
  dependencies:
    "is-callable" "^1.1.4"
    "is-date-object" "^1.0.1"
    "is-symbol" "^1.0.2"

"faucet@0.x.x":
  "integrity" "sha1-WX3PHSGJosBiMhtZHo8VHtIDnZw="
  "resolved" "https://registry.npmjs.org/faucet/-/faucet-0.0.1.tgz"
  "version" "0.0.1"
  dependencies:
    "defined" "0.0.0"
    "duplexer" "~0.1.1"
    "minimist" "0.0.5"
    "sprintf" "~0.1.3"
    "tap-parser" "~0.4.0"
    "tape" "~2.3.2"
    "through2" "~0.2.3"

"for-each@~0.3.3":
  "integrity" "sha512-jqYfLp7mo9vIyQf8ykW2v7A+2N4QjeCeI5+Dz9XraiO1ign81wjiH7Fb9vSOWvQfNtmSa4H2RoQTrrXivdUZmw=="
  "resolved" "https://registry.npmjs.org/for-each/-/for-each-0.3.3.tgz"
  "version" "0.3.3"
  dependencies:
    "is-callable" "^1.1.3"

"fs.realpath@^1.0.0":
  "integrity" "sha1-FQStJSMVjKpA20onh8sBQRmU6k8="
  "resolved" "https://registry.npmjs.org/fs.realpath/-/fs.realpath-1.0.0.tgz"
  "version" "1.0.0"

"function-bind@^1.1.1", "function-bind@~1.1.1":
  "integrity" "sha512-yIovAzMX49sF8Yl58fSCWJ5svSLuaibPxXQJFLmBObTuCr0Mf1KiPopGM9NiFjiYBCbfaa2Fh6breQ6ANVTI0A=="
  "resolved" "https://registry.npmjs.org/function-bind/-/function-bind-1.1.1.tgz"
  "version" "1.1.1"

"glob@~7.1.6":
  "integrity" "sha512-LwaxwyZ72Lk7vZINtNNrywX0ZuLyStrdDtabefZKAY5ZGJhVtgdznluResxNmPitE0SAO+O26sWTHeKSI2wMBA=="
  "resolved" "https://registry.npmjs.org/glob/-/glob-7.1.6.tgz"
  "version" "7.1.6"
  dependencies:
    "fs.realpath" "^1.0.0"
    "inflight" "^1.0.4"
    "inherits" "2"
    "minimatch" "^3.0.4"
    "once" "^1.3.0"
    "path-is-absolute" "^1.0.0"

"has-symbols@^1.0.0", "has-symbols@^1.0.1":
  "integrity" "sha512-PLcsoqu++dmEIZB+6totNFKq/7Do+Z0u4oT0zKOJNl3lYK6vGwwu2hjHs+68OEZbTjiUE9bgOABXbP/GvrS0Kg=="
  "resolved" "https://registry.npmjs.org/has-symbols/-/has-symbols-1.0.1.tgz"
  "version" "1.0.1"

"has@^1.0.3", "has@~1.0.3":
  "integrity" "sha512-f2dvO0VU6Oej7RkWJGrehjbzMAjFp5/VKPp5tTpWIV4JHHZK1/BxbFRtf/siA2SWTe09caDmVtYYzWEIbBS4zw=="
  "resolved" "https://registry.npmjs.org/has/-/has-1.0.3.tgz"
  "version" "1.0.3"
  dependencies:
    "function-bind" "^1.1.1"

"inflight@^1.0.4":
  "integrity" "sha1-Sb1jMdfQLQwJvJEKEHW6gWW1bfk="
  "resolved" "https://registry.npmjs.org/inflight/-/inflight-1.0.6.tgz"
  "version" "1.0.6"
  dependencies:
    "once" "^1.3.0"
    "wrappy" "1"

"inherits@~2.0.1", "inherits@~2.0.4", "inherits@2":
  "integrity" "sha512-k/vGaX4/Yla3WzyMCvTQOXYeIHvqOKtnqBduzTHpzpQZzAskKMhZ2K+EnBiSM9zGSoIFeMpXKxa4dYeZIQqewQ=="
  "resolved" "https://registry.npmjs.org/inherits/-/inherits-2.0.4.tgz"
  "version" "2.0.4"

"is-arguments@^1.0.4":
  "integrity" "sha512-xPh0Rmt8NE65sNzvyUmWgI1tz3mKq74lGA0mL8LYZcoIzKOzDh6HmrYm3d18k60nHerC8A9Km8kYu87zfSFnLA=="
  "resolved" "https://registry.npmjs.org/is-arguments/-/is-arguments-1.0.4.tgz"
  "version" "1.0.4"

"is-callable@^1.1.3", "is-callable@^1.1.4", "is-callable@^1.1.5":
  "integrity" "sha512-ESKv5sMCJB2jnHTWZ3O5itG+O128Hsus4K4Qh1h2/cgn2vbgnLSVqfV46AeJA9D5EeeLa9w81KUXMtn34zhX+Q=="
  "resolved" "https://registry.npmjs.org/is-callable/-/is-callable-1.1.5.tgz"
  "version" "1.1.5"

"is-date-object@^1.0.1":
  "integrity" "sha512-USlDT524woQ08aoZFzh3/Z6ch9Y/EWXEHQ/AaRN0SkKq4t2Jw2R2339tSXmwuVoY7LLlBCbOIlx2myP/L5zk0g=="
  "resolved" "https://registry.npmjs.org/is-date-object/-/is-date-object-1.0.2.tgz"
  "version" "1.0.2"

"is-regex@^1.0.4", "is-regex@^1.0.5", "is-regex@~1.0.5":
  "integrity" "sha512-vlKW17SNq44owv5AQR3Cq0bQPEb8+kF3UKZ2fiZNOWtztYE5i0CzCZxFDwO58qAOWtxdBRVO/V5Qin1wjCqFYQ=="
  "resolved" "https://registry.npmjs.org/is-regex/-/is-regex-1.0.5.tgz"
  "version" "1.0.5"
  dependencies:
    "has" "^1.0.3"

"is-symbol@^1.0.2":
  "integrity" "sha512-OwijhaRSgqvhm/0ZdAcXNZt9lYdKFpcRDT5ULUuYXPoT794UNOdU+gpT6Rzo7b4V2HUl/op6GqY894AZwv9faQ=="
  "resolved" "https://registry.npmjs.org/is-symbol/-/is-symbol-1.0.3.tgz"
  "version" "1.0.3"
  dependencies:
    "has-symbols" "^1.0.1"

"isarray@0.0.1":
  "integrity" "sha1-ihis/Kmo9Bd+Cav8YDiTmwXR7t8="
  "resolved" "https://registry.npmjs.org/isarray/-/isarray-0.0.1.tgz"
  "version" "0.0.1"

"jsonify@~0.0.0":
  "integrity" "sha1-LHS27kHZPKUbe1qu6PUDYx0lKnM="
  "resolved" "https://registry.npmjs.org/jsonify/-/jsonify-0.0.0.tgz"
  "version" "0.0.0"

"minimatch@^3.0.4":
  "integrity" "sha512-yJHVQEhyqPLUTgt9B83PXu6W3rx4MvvHvSUvToogpwoGDOUQ+yDrR0HRot+yOCdCO7u4hX3pWft6kWBBcqh0UA=="
  "resolved" "https://registry.npmjs.org/minimatch/-/minimatch-3.0.4.tgz"
  "version" "3.0.4"
  dependencies:
    "brace-expansion" "^1.1.7"

"minimist@~1.2.0":
  "integrity" "sha512-Jsjnk4bw3YJqYzbdyBiNsPWHPfO++UGG749Cxs6peCu5Xg4nrena6OVxOYxrQTqww0Jmwt+Ref8rggumkTLz9Q=="
  "resolved" "https://registry.npmjs.org/minimist/-/minimist-1.2.6.tgz"
  "version" "1.2.6"

"minimist@0.0.5":
  "integrity" "sha1-16oye87PUY+RBqxrjwA/o7zqhWY="
  "resolved" "https://registry.npmjs.org/minimist/-/minimist-0.0.5.tgz"
  "version" "0.0.5"

"object-inspect@^1.7.0", "object-inspect@~1.7.0":
  "integrity" "sha512-a7pEHdh1xKIAgTySUGgLMx/xwDZskN1Ud6egYYN3EdRW4ZMPNEDUTF+hwy2LUC+Bl+SyLXANnwz/jyh/qutKUw=="
  "resolved" "https://registry.npmjs.org/object-inspect/-/object-inspect-1.7.0.tgz"
  "version" "1.7.0"

"object-is@^1.0.1":
  "integrity" "sha512-Epah+btZd5wrrfjkJZq1AOB9O6OxUQto45hzFd7lXGrpHPGE0W1k+426yrZV+k6NJOzLNNW/nVsmZdIWsAqoOQ=="
  "resolved" "https://registry.npmjs.org/object-is/-/object-is-1.0.2.tgz"
  "version" "1.0.2"

"object-keys@^1.0.11", "object-keys@^1.0.12", "object-keys@^1.1.1":
  "integrity" "sha512-NuAESUOUMrlIXOfHKzD6bpPu3tYt3xvjNdRIQ+FeT0lNb4K8WR70CaDxhuNguS2XG+GjkyMwOzsN5ZktImfhLA=="
  "resolved" "https://registry.npmjs.org/object-keys/-/object-keys-1.1.1.tgz"
  "version" "1.1.1"

"object-keys@~0.4.0":
  "integrity" "sha1-KKaq50KN0sOpLz2V8hM13SBOAzY="
  "resolved" "https://registry.npmjs.org/object-keys/-/object-keys-0.4.0.tgz"
  "version" "0.4.0"

"object.assign@^4.1.0":
  "integrity" "sha512-exHJeq6kBKj58mqGyTQ9DFvrZC/eR6OwxzoM9YRoGBqrXYonaFyGiFMuc9VZrXf7DarreEwMpurG3dd+CNyW5w=="
  "resolved" "https://registry.npmjs.org/object.assign/-/object.assign-4.1.0.tgz"
  "version" "4.1.0"
  dependencies:
    "define-properties" "^1.1.2"
    "function-bind" "^1.1.1"
    "has-symbols" "^1.0.0"
    "object-keys" "^1.0.11"

"once@^1.3.0":
  "integrity" "sha1-WDsap3WWHUsROsF9nFC6753Xa9E="
  "resolved" "https://registry.npmjs.org/once/-/once-1.4.0.tgz"
  "version" "1.4.0"
  dependencies:
    "wrappy" "1"

"path-is-absolute@^1.0.0":
  "integrity" "sha1-F0uSaHNVNP+8es5r9TpanhtcX18="
  "resolved" "https://registry.npmjs.org/path-is-absolute/-/path-is-absolute-1.0.1.tgz"
  "version" "1.0.1"

"path-parse@^1.0.6":
  "integrity" "sha512-LDJzPVEEEPR+y48z93A0Ed0yXb8pAByGWo/k5YYdYgpY2/2EsOsksJrq7lOHxryrVOn1ejG6oAp8ahvOIQD8sw=="
  "resolved" "https://registry.npmjs.org/path-parse/-/path-parse-1.0.7.tgz"
  "version" "1.0.7"

"readable-stream@~1.1.11", "readable-stream@~1.1.9":
  "integrity" "sha1-fPTFTvZI44EwhMY23SB54WbAgdk="
  "resolved" "https://registry.npmjs.org/readable-stream/-/readable-stream-1.1.14.tgz"
  "version" "1.1.14"
  dependencies:
    "core-util-is" "~1.0.0"
    "inherits" "~2.0.1"
    "isarray" "0.0.1"
    "string_decoder" "~0.10.x"

"regexp.prototype.flags@^1.2.0":
  "integrity" "sha512-2+Q0C5g951OlYlJz6yu5/M33IcsESLlLfsyIaLJaG4FA2r4yP8MvVMJUUP/fVBkSpbbbZlS5gynbEWLipiiXiQ=="
  "resolved" "https://registry.npmjs.org/regexp.prototype.flags/-/regexp.prototype.flags-1.3.0.tgz"
  "version" "1.3.0"
  dependencies:
    "define-properties" "^1.1.3"
    "es-abstract" "^1.17.0-next.1"

"resolve@~1.14.2":
  "integrity" "sha512-EjlOBLBO1kxsUxsKjLt7TAECyKW6fOh1VRkykQkKGzcBbjjPIxBqGh0jf7GJ3k/f5mxMqW3htMD3WdTUVtW8HQ=="
  "resolved" "https://registry.npmjs.org/resolve/-/resolve-1.14.2.tgz"
  "version" "1.14.2"
  dependencies:
    "path-parse" "^1.0.6"

"resumer@~0.0.0":
  "integrity" "sha1-8ej0YeQGS6Oegq883CqMiT0HZ1k="
  "resolved" "https://registry.npmjs.org/resumer/-/resumer-0.0.0.tgz"
  "version" "0.0.0"
  dependencies:
    "through" "~2.3.4"

"source-map@~0.6.1":
  "integrity" "sha512-UjgapumWlbMhkBgzT7Ykc5YXUT46F0iKu8SGXq0bcwP5dz/h0Plj6enJqjz1Zbq2l5WaqYnrVbwWOWMyF3F47g=="
  "resolved" "https://registry.npmjs.org/source-map/-/source-map-0.6.1.tgz"
  "version" "0.6.1"

"sprintf@~0.1.3":
  "integrity" "sha1-j4PjmpMXwaUCy324BQ5Rxnn27c8="
  "resolved" "https://registry.npmjs.org/sprintf/-/sprintf-0.1.5.tgz"
  "version" "0.1.5"

"string_decoder@~0.10.x":
  "integrity" "sha1-YuIDvEF2bGwoyfyEMB2rHFMQ+pQ="
  "resolved" "https://registry.npmjs.org/string_decoder/-/string_decoder-0.10.31.tgz"
  "version" "0.10.31"

"string.prototype.trim@~1.2.1":
  "integrity" "sha512-MjGFEeqixw47dAMFMtgUro/I0+wNqZB5GKXGt1fFr24u3TzDXCPu7J9Buppzoe3r/LqkSDLDDJzE15RGWDGAVw=="
  "resolved" "https://registry.npmjs.org/string.prototype.trim/-/string.prototype.trim-1.2.1.tgz"
  "version" "1.2.1"
  dependencies:
    "define-properties" "^1.1.3"
    "es-abstract" "^1.17.0-next.1"
    "function-bind" "^1.1.1"

"string.prototype.trimleft@^2.1.1":
  "integrity" "sha512-iu2AGd3PuP5Rp7x2kEZCrB2Nf41ehzh+goo8TV7z8/XDBbsvc6HQIlUl9RjkZ4oyrW1XM5UwlGl1oVEaDjg6Ag=="
  "resolved" "https://registry.npmjs.org/string.prototype.trimleft/-/string.prototype.trimleft-2.1.1.tgz"
  "version" "2.1.1"
  dependencies:
    "define-properties" "^1.1.3"
    "function-bind" "^1.1.1"

"string.prototype.trimright@^2.1.1":
  "integrity" "sha512-qFvWL3/+QIgZXVmJBfpHmxLB7xsUXz6HsUmP8+5dRaC3Q7oKUv9Vo6aMCRZC1smrtyECFsIT30PqBJ1gTjAs+g=="
  "resolved" "https://registry.npmjs.org/string.prototype.trimright/-/string.prototype.trimright-2.1.1.tgz"
  "version" "2.1.1"
  dependencies:
    "define-properties" "^1.1.3"
    "function-bind" "^1.1.1"

"tap-parser@~0.4.0":
  "integrity" "sha1-pOrhkMENdsehEZIf84u+TVjwnuo="
  "resolved" "https://registry.npmjs.org/tap-parser/-/tap-parser-0.4.3.tgz"
  "version" "0.4.3"
  dependencies:
    "inherits" "~2.0.1"
    "readable-stream" "~1.1.11"

"tape@~2.3.2":
  "integrity" "sha1-Lnzgox3wn41oUWZKcYQuDKUFevc="
  "resolved" "https://registry.npmjs.org/tape/-/tape-2.3.3.tgz"
  "version" "2.3.3"
  dependencies:
    "deep-equal" "~0.1.0"
    "defined" "~0.0.0"
    "inherits" "~2.0.1"
    "jsonify" "~0.0.0"
    "resumer" "~0.0.0"
    "through" "~2.3.4"

"tape@4.13.0":
  "integrity" "sha512-J/hvA+GJnuWJ0Sj8Z0dmu3JgMNU+MmusvkCT7+SN4/2TklW18FNCp/UuHIEhPZwHfy4sXfKYgC7kypKg4umbOw=="
  "resolved" "https://registry.npmjs.org/tape/-/tape-4.13.0.tgz"
  "version" "4.13.0"
  dependencies:
    "deep-equal" "~1.1.1"
    "defined" "~1.0.0"
    "dotignore" "~0.1.2"
    "for-each" "~0.3.3"
    "function-bind" "~1.1.1"
    "glob" "~7.1.6"
    "has" "~1.0.3"
    "inherits" "~2.0.4"
    "is-regex" "~1.0.5"
    "minimist" "~1.2.0"
    "object-inspect" "~1.7.0"
    "resolve" "~1.14.2"
    "resumer" "~0.0.0"
    "string.prototype.trim" "~1.2.1"
    "through" "~2.3.8"

"through@~2.3.4", "through@~2.3.8":
  "integrity" "sha1-DdTJ/6q8NXlgsbckEV1+Doai4fU="
  "resolved" "https://registry.npmjs.org/through/-/through-2.3.8.tgz"
  "version" "2.3.8"

"through2@~0.2.3":
  "integrity" "sha1-6zKE2k6jEbbMis42U3SKUqvyWj8="
  "resolved" "https://registry.npmjs.org/through2/-/through2-0.2.3.tgz"
  "version" "0.2.3"
  dependencies:
    "readable-stream" "~1.1.9"
    "xtend" "~2.1.1"

"tweetnacl-util@^0.15.0":
  "integrity" "sha1-RXbBzuXi1j0gf+5S8boCgZSAvHU="
  "resolved" "https://registry.npmjs.org/tweetnacl-util/-/tweetnacl-util-0.15.0.tgz"
  "version" "0.15.0"

"tweetnacl@1.x.x":
  "integrity" "sha512-kcoMoKTPYnoeS50tzoqjPY3Uv9axeuuFAZY9M/9zFnhoVvRfxz9K29IMPD7jGmt2c8SW7i3gT9WqDl2+nV7p4A=="
  "resolved" "https://registry.npmjs.org/tweetnacl/-/tweetnacl-1.0.1.tgz"
  "version" "1.0.1"

"uglify-js@^3.7.5":
  "integrity" "sha512-GFZ3EXRptKGvb/C1Sq6nO1iI7AGcjyqmIyOw0DrD0675e+NNbGO72xmMM2iEBdFbxaTLo70NbjM/Wy54uZIlsg=="
  "resolved" "https://registry.npmjs.org/uglify-js/-/uglify-js-3.7.5.tgz"
  "version" "3.7.5"
  dependencies:
    "commander" "~2.20.3"
    "source-map" "~0.6.1"

"wrappy@1":
  "integrity" "sha1-tSQ9jz7BqjXxNkYFvA0QNuMKtp8="
  "resolved" "https://registry.npmjs.org/wrappy/-/wrappy-1.0.2.tgz"
  "version" "1.0.2"

"xtend@~2.1.1":
  "integrity" "sha1-bv7MKk2tjmlixJAbM3znuoe10os="
  "resolved" "https://registry.npmjs.org/xtend/-/xtend-2.1.2.tgz"
  "version" "2.1.2"
  dependencies:
    "object-keys" "~0.4.0"
